// !$*UTF8*$!
{
	archiveVersion = 1;
	classes = {
	};
	objectVersion = 51;
	objects = {

/* Begin PBXBuildFile section */
		705AD5D7257FEDEE0054B69C /* Set.swift in Sources */ = {isa = PBXBuildFile; fileRef = 705AD5D6257FEDEE0054B69C /* Set.swift */; };
		705AD5DF258020840054B69C /* MovieTableViewCell.swift in Sources */ = {isa = PBXBuildFile; fileRef = 705AD5DD258020840054B69C /* MovieTableViewCell.swift */; };
		705AD5E0258020840054B69C /* MovieTableViewCell.xib in Resources */ = {isa = PBXBuildFile; fileRef = 705AD5DE258020840054B69C /* MovieTableViewCell.xib */; };
		705AD5E82580513A0054B69C /* MovieFavoriteable.swift in Sources */ = {isa = PBXBuildFile; fileRef = 705AD5E72580513A0054B69C /* MovieFavoriteable.swift */; };
		705AD5ED2580BE320054B69C /* MovieDetailsViewController.swift in Sources */ = {isa = PBXBuildFile; fileRef = 705AD5EC2580BE320054B69C /* MovieDetailsViewController.swift */; };
		7090E6F4257FBEC300B8F212 /* MovieRequestType.swift in Sources */ = {isa = PBXBuildFile; fileRef = 7090E6F3257FBEC300B8F212 /* MovieRequestType.swift */; };
		7090E6F9257FC48A00B8F212 /* MoviesFetcher.swift in Sources */ = {isa = PBXBuildFile; fileRef = 7090E6F8257FC48A00B8F212 /* MoviesFetcher.swift */; };
		7090E700257FC98F00B8F212 /* Movie.swift in Sources */ = {isa = PBXBuildFile; fileRef = 7090E6FF257FC98F00B8F212 /* Movie.swift */; };
		7090E704257FCAD400B8F212 /* InformativeMovie.swift in Sources */ = {isa = PBXBuildFile; fileRef = 7090E703257FCAD400B8F212 /* InformativeMovie.swift */; };
		7090E707257FD4E200B8F212 /* InformativeMovieParser.swift in Sources */ = {isa = PBXBuildFile; fileRef = 7090E706257FD4E200B8F212 /* InformativeMovieParser.swift */; };
		7090E70B257FD51F00B8F212 /* Parseable.swift in Sources */ = {isa = PBXBuildFile; fileRef = 7090E70A257FD51F00B8F212 /* Parseable.swift */; };
		7090E70F257FD73800B8F212 /* MoviesParser.swift in Sources */ = {isa = PBXBuildFile; fileRef = 7090E70E257FD73800B8F212 /* MoviesParser.swift */; };
		7090E714257FE31000B8F212 /* MovieService.swift in Sources */ = {isa = PBXBuildFile; fileRef = 7090E713257FE31000B8F212 /* MovieService.swift */; };
		7090E718257FE77500B8F212 /* LocalStorage.swift in Sources */ = {isa = PBXBuildFile; fileRef = 7090E717257FE77500B8F212 /* LocalStorage.swift */; };
		709F50DA2580D23200DDB92A /* DotView.swift in Sources */ = {isa = PBXBuildFile; fileRef = 709F50D92580D23200DDB92A /* DotView.swift */; };
		70E2FECE257FBE0E006E8349 /* AppDelegate.swift in Sources */ = {isa = PBXBuildFile; fileRef = 70E2FECD257FBE0E006E8349 /* AppDelegate.swift */; };
		70E2FED0257FBE0E006E8349 /* SceneDelegate.swift in Sources */ = {isa = PBXBuildFile; fileRef = 70E2FECF257FBE0E006E8349 /* SceneDelegate.swift */; };
		70E2FED2257FBE0E006E8349 /* MoviesViewController.swift in Sources */ = {isa = PBXBuildFile; fileRef = 70E2FED1257FBE0E006E8349 /* MoviesViewController.swift */; };
		70E2FED5257FBE0E006E8349 /* Main.storyboard in Resources */ = {isa = PBXBuildFile; fileRef = 70E2FED3257FBE0E006E8349 /* Main.storyboard */; };
		70E2FED7257FBE0F006E8349 /* Assets.xcassets in Resources */ = {isa = PBXBuildFile; fileRef = 70E2FED6257FBE0F006E8349 /* Assets.xcassets */; };
		70E2FEDA257FBE0F006E8349 /* LaunchScreen.storyboard in Resources */ = {isa = PBXBuildFile; fileRef = 70E2FED8257FBE0F006E8349 /* LaunchScreen.storyboard */; };
		8B74E41084FFE916AD4BA1A4 /* Pods_Prospera.framework in Frameworks */ = {isa = PBXBuildFile; fileRef = 5133270A4E8A3256BE88EE8D /* Pods_Prospera.framework */; };
/* End PBXBuildFile section */

/* Begin PBXFileReference section */
		3BFD77DA05876913715918A0 /* Pods-Prospera.release.xcconfig */ = {isa = PBXFileReference; includeInIndex = 1; lastKnownFileType = text.xcconfig; name = "Pods-Prospera.release.xcconfig"; path = "Target Support Files/Pods-Prospera/Pods-Prospera.release.xcconfig"; sourceTree = "<group>"; };
		5133270A4E8A3256BE88EE8D /* Pods_Prospera.framework */ = {isa = PBXFileReference; explicitFileType = wrapper.framework; includeInIndex = 0; path = Pods_Prospera.framework; sourceTree = BUILT_PRODUCTS_DIR; };
		705AD5D6257FEDEE0054B69C /* Set.swift */ = {isa = PBXFileReference; lastKnownFileType = sourcecode.swift; path = Set.swift; sourceTree = "<group>"; };
		705AD5DD258020840054B69C /* MovieTableViewCell.swift */ = {isa = PBXFileReference; lastKnownFileType = sourcecode.swift; path = MovieTableViewCell.swift; sourceTree = "<group>"; };
		705AD5DE258020840054B69C /* MovieTableViewCell.xib */ = {isa = PBXFileReference; lastKnownFileType = file.xib; path = MovieTableViewCell.xib; sourceTree = "<group>"; };
		705AD5E72580513A0054B69C /* MovieFavoriteable.swift */ = {isa = PBXFileReference; lastKnownFileType = sourcecode.swift; path = MovieFavoriteable.swift; sourceTree = "<group>"; };
		705AD5EC2580BE320054B69C /* MovieDetailsViewController.swift */ = {isa = PBXFileReference; lastKnownFileType = sourcecode.swift; path = MovieDetailsViewController.swift; sourceTree = "<group>"; };
		7090E6F3257FBEC300B8F212 /* MovieRequestType.swift */ = {isa = PBXFileReference; lastKnownFileType = sourcecode.swift; path = MovieRequestType.swift; sourceTree = "<group>"; };
		7090E6F8257FC48A00B8F212 /* MoviesFetcher.swift */ = {isa = PBXFileReference; lastKnownFileType = sourcecode.swift; path = MoviesFetcher.swift; sourceTree = "<group>"; };
		7090E6FF257FC98F00B8F212 /* Movie.swift */ = {isa = PBXFileReference; lastKnownFileType = sourcecode.swift; path = Movie.swift; sourceTree = "<group>"; };
		7090E703257FCAD400B8F212 /* InformativeMovie.swift */ = {isa = PBXFileReference; lastKnownFileType = sourcecode.swift; path = InformativeMovie.swift; sourceTree = "<group>"; };
		7090E706257FD4E200B8F212 /* InformativeMovieParser.swift */ = {isa = PBXFileReference; lastKnownFileType = sourcecode.swift; path = InformativeMovieParser.swift; sourceTree = "<group>"; };
		7090E70A257FD51F00B8F212 /* Parseable.swift */ = {isa = PBXFileReference; lastKnownFileType = sourcecode.swift; path = Parseable.swift; sourceTree = "<group>"; };
		7090E70E257FD73800B8F212 /* MoviesParser.swift */ = {isa = PBXFileReference; lastKnownFileType = sourcecode.swift; path = MoviesParser.swift; sourceTree = "<group>"; };
		7090E713257FE31000B8F212 /* MovieService.swift */ = {isa = PBXFileReference; lastKnownFileType = sourcecode.swift; path = MovieService.swift; sourceTree = "<group>"; };
		7090E717257FE77500B8F212 /* LocalStorage.swift */ = {isa = PBXFileReference; lastKnownFileType = sourcecode.swift; path = LocalStorage.swift; sourceTree = "<group>"; };
		709F50D92580D23200DDB92A /* DotView.swift */ = {isa = PBXFileReference; lastKnownFileType = sourcecode.swift; path = DotView.swift; sourceTree = "<group>"; };
		70E2FECA257FBE0E006E8349 /* Prospera.app */ = {isa = PBXFileReference; explicitFileType = wrapper.application; includeInIndex = 0; path = Prospera.app; sourceTree = BUILT_PRODUCTS_DIR; };
		70E2FECD257FBE0E006E8349 /* AppDelegate.swift */ = {isa = PBXFileReference; lastKnownFileType = sourcecode.swift; path = AppDelegate.swift; sourceTree = "<group>"; };
		70E2FECF257FBE0E006E8349 /* SceneDelegate.swift */ = {isa = PBXFileReference; lastKnownFileType = sourcecode.swift; path = SceneDelegate.swift; sourceTree = "<group>"; };
		70E2FED1257FBE0E006E8349 /* MoviesViewController.swift */ = {isa = PBXFileReference; lastKnownFileType = sourcecode.swift; path = MoviesViewController.swift; sourceTree = "<group>"; };
		70E2FED4257FBE0E006E8349 /* Base */ = {isa = PBXFileReference; lastKnownFileType = file.storyboard; name = Base; path = Base.lproj/Main.storyboard; sourceTree = "<group>"; };
		70E2FED6257FBE0F006E8349 /* Assets.xcassets */ = {isa = PBXFileReference; lastKnownFileType = folder.assetcatalog; path = Assets.xcassets; sourceTree = "<group>"; };
		70E2FED9257FBE0F006E8349 /* Base */ = {isa = PBXFileReference; lastKnownFileType = file.storyboard; name = Base; path = Base.lproj/LaunchScreen.storyboard; sourceTree = "<group>"; };
		70E2FEDB257FBE0F006E8349 /* Info.plist */ = {isa = PBXFileReference; lastKnownFileType = text.plist.xml; path = Info.plist; sourceTree = "<group>"; };
		CFC429B31A156E2DB15E73D9 /* Pods-Prospera.debug.xcconfig */ = {isa = PBXFileReference; includeInIndex = 1; lastKnownFileType = text.xcconfig; name = "Pods-Prospera.debug.xcconfig"; path = "Target Support Files/Pods-Prospera/Pods-Prospera.debug.xcconfig"; sourceTree = "<group>"; };
/* End PBXFileReference section */

/* Begin PBXFrameworksBuildPhase section */
		70E2FEC7257FBE0E006E8349 /* Frameworks */ = {
			isa = PBXFrameworksBuildPhase;
			buildActionMask = 2147483647;
			files = (
				8B74E41084FFE916AD4BA1A4 /* Pods_Prospera.framework in Frameworks */,
			);
			runOnlyForDeploymentPostprocessing = 0;
		};
/* End PBXFrameworksBuildPhase section */

/* Begin PBXGroup section */
		38FD9C9D1FC036B66A1AEF18 /* Frameworks */ = {
			isa = PBXGroup;
			children = (
				5133270A4E8A3256BE88EE8D /* Pods_Prospera.framework */,
			);
			name = Frameworks;
			sourceTree = "<group>";
		};
		705AD5D5257FEDD70054B69C /* Extensions */ = {
			isa = PBXGroup;
			children = (
				705AD5D6257FEDEE0054B69C /* Set.swift */,
			);
			path = Extensions;
			sourceTree = "<group>";
		};
		705AD5DC2580205A0054B69C /* Views */ = {
			isa = PBXGroup;
			children = (
				705AD5DD258020840054B69C /* MovieTableViewCell.swift */,
				705AD5DE258020840054B69C /* MovieTableViewCell.xib */,
				709F50D92580D23200DDB92A /* DotView.swift */,
			);
			path = Views;
			sourceTree = "<group>";
		};
		705AD5EB2580BE120054B69C /* View Controllers */ = {
			isa = PBXGroup;
			children = (
				70E2FED1257FBE0E006E8349 /* MoviesViewController.swift */,
				705AD5EC2580BE320054B69C /* MovieDetailsViewController.swift */,
			);
			path = "View Controllers";
			sourceTree = "<group>";
		};
		7090E6F2257FBE8A00B8F212 /* Enums */ = {
			isa = PBXGroup;
			children = (
				7090E6F3257FBEC300B8F212 /* MovieRequestType.swift */,
			);
			path = Enums;
			sourceTree = "<group>";
		};
		7090E6F7257FC46D00B8F212 /* Utilities */ = {
			isa = PBXGroup;
			children = (
				7090E717257FE77500B8F212 /* LocalStorage.swift */,
				7090E6F8257FC48A00B8F212 /* MoviesFetcher.swift */,
				7090E706257FD4E200B8F212 /* InformativeMovieParser.swift */,
				7090E70E257FD73800B8F212 /* MoviesParser.swift */,
			);
			path = Utilities;
			sourceTree = "<group>";
		};
		7090E6FE257FC97E00B8F212 /* Models */ = {
			isa = PBXGroup;
			children = (
				7090E6FF257FC98F00B8F212 /* Movie.swift */,
				7090E703257FCAD400B8F212 /* InformativeMovie.swift */,
			);
			path = Models;
			sourceTree = "<group>";
		};
		7090E709257FD50600B8F212 /* Protocols */ = {
			isa = PBXGroup;
			children = (
				7090E70A257FD51F00B8F212 /* Parseable.swift */,
				705AD5E72580513A0054B69C /* MovieFavoriteable.swift */,
			);
			path = Protocols;
			sourceTree = "<group>";
		};
		7090E712257FE2EF00B8F212 /* Services */ = {
			isa = PBXGroup;
			children = (
				7090E713257FE31000B8F212 /* MovieService.swift */,
			);
			path = Services;
			sourceTree = "<group>";
		};
		70E2FEC1257FBE0E006E8349 = {
			isa = PBXGroup;
			children = (
				70E2FECC257FBE0E006E8349 /* Prospera */,
				70E2FECB257FBE0E006E8349 /* Products */,
				CBDDF14693090443AB3CE225 /* Pods */,
				38FD9C9D1FC036B66A1AEF18 /* Frameworks */,
			);
			sourceTree = "<group>";
		};
		70E2FECB257FBE0E006E8349 /* Products */ = {
			isa = PBXGroup;
			children = (
				70E2FECA257FBE0E006E8349 /* Prospera.app */,
			);
			name = Products;
			sourceTree = "<group>";
		};
		70E2FECC257FBE0E006E8349 /* Prospera */ = {
			isa = PBXGroup;
			children = (
				705AD5EB2580BE120054B69C /* View Controllers */,
				705AD5DC2580205A0054B69C /* Views */,
				705AD5D5257FEDD70054B69C /* Extensions */,
				7090E712257FE2EF00B8F212 /* Services */,
				7090E709257FD50600B8F212 /* Protocols */,
				7090E6FE257FC97E00B8F212 /* Models */,
				7090E6F7257FC46D00B8F212 /* Utilities */,
				7090E6F2257FBE8A00B8F212 /* Enums */,
				70E2FECD257FBE0E006E8349 /* AppDelegate.swift */,
				70E2FECF257FBE0E006E8349 /* SceneDelegate.swift */,
				70E2FED3257FBE0E006E8349 /* Main.storyboard */,
				70E2FED6257FBE0F006E8349 /* Assets.xcassets */,
				70E2FED8257FBE0F006E8349 /* LaunchScreen.storyboard */,
				70E2FEDB257FBE0F006E8349 /* Info.plist */,
			);
			path = Prospera;
			sourceTree = "<group>";
		};
		CBDDF14693090443AB3CE225 /* Pods */ = {
			isa = PBXGroup;
			children = (
				CFC429B31A156E2DB15E73D9 /* Pods-Prospera.debug.xcconfig */,
				3BFD77DA05876913715918A0 /* Pods-Prospera.release.xcconfig */,
			);
			path = Pods;
			sourceTree = "<group>";
		};
/* End PBXGroup section */

/* Begin PBXNativeTarget section */
		70E2FEC9257FBE0E006E8349 /* Prospera */ = {
			isa = PBXNativeTarget;
			buildConfigurationList = 70E2FEDE257FBE0F006E8349 /* Build configuration list for PBXNativeTarget "Prospera" */;
			buildPhases = (
				236707115D9CE1DFD6DDC9CE /* [CP] Check Pods Manifest.lock */,
				70E2FEC6257FBE0E006E8349 /* Sources */,
				70E2FEC7257FBE0E006E8349 /* Frameworks */,
				70E2FEC8257FBE0E006E8349 /* Resources */,
				339510CABFDE2C9E58A39F93 /* [CP] Embed Pods Frameworks */,
			);
			buildRules = (
			);
			dependencies = (
			);
			name = Prospera;
			productName = Prospera;
			productReference = 70E2FECA257FBE0E006E8349 /* Prospera.app */;
			productType = "com.apple.product-type.application";
		};
/* End PBXNativeTarget section */

/* Begin PBXProject section */
		70E2FEC2257FBE0E006E8349 /* Project object */ = {
			isa = PBXProject;
			attributes = {
				LastSwiftUpdateCheck = 1220;
				LastUpgradeCheck = 1220;
				TargetAttributes = {
					70E2FEC9257FBE0E006E8349 = {
						CreatedOnToolsVersion = 12.2;
					};
				};
			};
			buildConfigurationList = 70E2FEC5257FBE0E006E8349 /* Build configuration list for PBXProject "Prospera" */;
			compatibilityVersion = "Xcode 9.3";
			developmentRegion = en;
			hasScannedForEncodings = 0;
			knownRegions = (
				en,
				Base,
			);
			mainGroup = 70E2FEC1257FBE0E006E8349;
			productRefGroup = 70E2FECB257FBE0E006E8349 /* Products */;
			projectDirPath = "";
			projectRoot = "";
			targets = (
				70E2FEC9257FBE0E006E8349 /* Prospera */,
			);
		};
/* End PBXProject section */

/* Begin PBXResourcesBuildPhase section */
		70E2FEC8257FBE0E006E8349 /* Resources */ = {
			isa = PBXResourcesBuildPhase;
			buildActionMask = 2147483647;
			files = (
				70E2FEDA257FBE0F006E8349 /* LaunchScreen.storyboard in Resources */,
				70E2FED7257FBE0F006E8349 /* Assets.xcassets in Resources */,
				705AD5E0258020840054B69C /* MovieTableViewCell.xib in Resources */,
				70E2FED5257FBE0E006E8349 /* Main.storyboard in Resources */,
			);
			runOnlyForDeploymentPostprocessing = 0;
		};
/* End PBXResourcesBuildPhase section */

/* Begin PBXShellScriptBuildPhase section */
		236707115D9CE1DFD6DDC9CE /* [CP] Check Pods Manifest.lock */ = {
			isa = PBXShellScriptBuildPhase;
			buildActionMask = 2147483647;
			files = (
			);
			inputFileListPaths = (
			);
			inputPaths = (
				"${PODS_PODFILE_DIR_PATH}/Podfile.lock",
				"${PODS_ROOT}/Manifest.lock",
			);
			name = "[CP] Check Pods Manifest.lock";
			outputFileListPaths = (
			);
			outputPaths = (
				"$(DERIVED_FILE_DIR)/Pods-Prospera-checkManifestLockResult.txt",
			);
			runOnlyForDeploymentPostprocessing = 0;
			shellPath = /bin/sh;
			shellScript = "diff \"${PODS_PODFILE_DIR_PATH}/Podfile.lock\" \"${PODS_ROOT}/Manifest.lock\" > /dev/null\nif [ $? != 0 ] ; then\n    # print error to STDERR\n    echo \"error: The sandbox is not in sync with the Podfile.lock. Run 'pod install' or update your CocoaPods installation.\" >&2\n    exit 1\nfi\n# This output is used by Xcode 'outputs' to avoid re-running this script phase.\necho \"SUCCESS\" > \"${SCRIPT_OUTPUT_FILE_0}\"\n";
			showEnvVarsInLog = 0;
		};
		339510CABFDE2C9E58A39F93 /* [CP] Embed Pods Frameworks */ = {
			isa = PBXShellScriptBuildPhase;
			buildActionMask = 2147483647;
			files = (
			);
			inputFileListPaths = (
				"${PODS_ROOT}/Target Support Files/Pods-Prospera/Pods-Prospera-frameworks-${CONFIGURATION}-input-files.xcfilelist",
			);
			name = "[CP] Embed Pods Frameworks";
			outputFileListPaths = (
				"${PODS_ROOT}/Target Support Files/Pods-Prospera/Pods-Prospera-frameworks-${CONFIGURATION}-output-files.xcfilelist",
			);
			runOnlyForDeploymentPostprocessing = 0;
			shellPath = /bin/sh;
			shellScript = "\"${PODS_ROOT}/Target Support Files/Pods-Prospera/Pods-Prospera-frameworks.sh\"\n";
			showEnvVarsInLog = 0;
		};
/* End PBXShellScriptBuildPhase section */

/* Begin PBXSourcesBuildPhase section */
		70E2FEC6257FBE0E006E8349 /* Sources */ = {
			isa = PBXSourcesBuildPhase;
			buildActionMask = 2147483647;
			files = (
				705AD5ED2580BE320054B69C /* MovieDetailsViewController.swift in Sources */,
				7090E707257FD4E200B8F212 /* InformativeMovieParser.swift in Sources */,
				70E2FED2257FBE0E006E8349 /* MoviesViewController.swift in Sources */,
				705AD5DF258020840054B69C /* MovieTableViewCell.swift in Sources */,
				705AD5D7257FEDEE0054B69C /* Set.swift in Sources */,
				7090E70B257FD51F00B8F212 /* Parseable.swift in Sources */,
				709F50DA2580D23200DDB92A /* DotView.swift in Sources */,
				70E2FECE257FBE0E006E8349 /* AppDelegate.swift in Sources */,
				7090E700257FC98F00B8F212 /* Movie.swift in Sources */,
				7090E6F4257FBEC300B8F212 /* MovieRequestType.swift in Sources */,
				70E2FED0257FBE0E006E8349 /* SceneDelegate.swift in Sources */,
				7090E70F257FD73800B8F212 /* MoviesParser.swift in Sources */,
				7090E6F9257FC48A00B8F212 /* MoviesFetcher.swift in Sources */,
				7090E718257FE77500B8F212 /* LocalStorage.swift in Sources */,
				7090E704257FCAD400B8F212 /* InformativeMovie.swift in Sources */,
				705AD5E82580513A0054B69C /* MovieFavoriteable.swift in Sources */,
				7090E714257FE31000B8F212 /* MovieService.swift in Sources */,
			);
			runOnlyForDeploymentPostprocessing = 0;
		};
/* End PBXSourcesBuildPhase section */

/* Begin PBXVariantGroup section */
		70E2FED3257FBE0E006E8349 /* Main.storyboard */ = {
			isa = PBXVariantGroup;
			children = (
				70E2FED4257FBE0E006E8349 /* Base */,
			);
			name = Main.storyboard;
			sourceTree = "<group>";
		};
		70E2FED8257FBE0F006E8349 /* LaunchScreen.storyboard */ = {
			isa = PBXVariantGroup;
			children = (
				70E2FED9257FBE0F006E8349 /* Base */,
			);
			name = LaunchScreen.storyboard;
			sourceTree = "<group>";
		};
/* End PBXVariantGroup section */

/* Begin XCBuildConfiguration section */
		70E2FEDC257FBE0F006E8349 /* Debug */ = {
			isa = XCBuildConfiguration;
			buildSettings = {
				ALWAYS_SEARCH_USER_PATHS = NO;
				CLANG_ANALYZER_NONNULL = YES;
				CLANG_ANALYZER_NUMBER_OBJECT_CONVERSION = YES_AGGRESSIVE;
				CLANG_CXX_LANGUAGE_STANDARD = "gnu++14";
				CLANG_CXX_LIBRARY = "libc++";
				CLANG_ENABLE_MODULES = YES;
				CLANG_ENABLE_OBJC_ARC = YES;
				CLANG_ENABLE_OBJC_WEAK = YES;
				CLANG_WARN_BLOCK_CAPTURE_AUTORELEASING = YES;
				CLANG_WARN_BOOL_CONVERSION = YES;
				CLANG_WARN_COMMA = YES;
				CLANG_WARN_CONSTANT_CONVERSION = YES;
				CLANG_WARN_DEPRECATED_OBJC_IMPLEMENTATIONS = YES;
				CLANG_WARN_DIRECT_OBJC_ISA_USAGE = YES_ERROR;
				CLANG_WARN_DOCUMENTATION_COMMENTS = YES;
				CLANG_WARN_EMPTY_BODY = YES;
				CLANG_WARN_ENUM_CONVERSION = YES;
				CLANG_WARN_INFINITE_RECURSION = YES;
				CLANG_WARN_INT_CONVERSION = YES;
				CLANG_WARN_NON_LITERAL_NULL_CONVERSION = YES;
				CLANG_WARN_OBJC_IMPLICIT_RETAIN_SELF = YES;
				CLANG_WARN_OBJC_LITERAL_CONVERSION = YES;
				CLANG_WARN_OBJC_ROOT_CLASS = YES_ERROR;
				CLANG_WARN_QUOTED_INCLUDE_IN_FRAMEWORK_HEADER = YES;
				CLANG_WARN_RANGE_LOOP_ANALYSIS = YES;
				CLANG_WARN_STRICT_PROTOTYPES = YES;
				CLANG_WARN_SUSPICIOUS_MOVE = YES;
				CLANG_WARN_UNGUARDED_AVAILABILITY = YES_AGGRESSIVE;
				CLANG_WARN_UNREACHABLE_CODE = YES;
				CLANG_WARN__DUPLICATE_METHOD_MATCH = YES;
				COPY_PHASE_STRIP = NO;
				DEBUG_INFORMATION_FORMAT = dwarf;
				ENABLE_STRICT_OBJC_MSGSEND = YES;
				ENABLE_TESTABILITY = YES;
				GCC_C_LANGUAGE_STANDARD = gnu11;
				GCC_DYNAMIC_NO_PIC = NO;
				GCC_NO_COMMON_BLOCKS = YES;
				GCC_OPTIMIZATION_LEVEL = 0;
				GCC_PREPROCESSOR_DEFINITIONS = (
					"DEBUG=1",
					"$(inherited)",
				);
				GCC_WARN_64_TO_32_BIT_CONVERSION = YES;
				GCC_WARN_ABOUT_RETURN_TYPE = YES_ERROR;
				GCC_WARN_UNDECLARED_SELECTOR = YES;
				GCC_WARN_UNINITIALIZED_AUTOS = YES_AGGRESSIVE;
				GCC_WARN_UNUSED_FUNCTION = YES;
				GCC_WARN_UNUSED_VARIABLE = YES;
				IPHONEOS_DEPLOYMENT_TARGET = 14.2;
				MTL_ENABLE_DEBUG_INFO = INCLUDE_SOURCE;
				MTL_FAST_MATH = YES;
				ONLY_ACTIVE_ARCH = YES;
				SDKROOT = iphoneos;
				SWIFT_ACTIVE_COMPILATION_CONDITIONS = DEBUG;
				SWIFT_OPTIMIZATION_LEVEL = "-Onone";
			};
			name = Debug;
		};
		70E2FEDD257FBE0F006E8349 /* Release */ = {
			isa = XCBuildConfiguration;
			buildSettings = {
				ALWAYS_SEARCH_USER_PATHS = NO;
				CLANG_ANALYZER_NONNULL = YES;
				CLANG_ANALYZER_NUMBER_OBJECT_CONVERSION = YES_AGGRESSIVE;
				CLANG_CXX_LANGUAGE_STANDARD = "gnu++14";
				CLANG_CXX_LIBRARY = "libc++";
				CLANG_ENABLE_MODULES = YES;
				CLANG_ENABLE_OBJC_ARC = YES;
				CLANG_ENABLE_OBJC_WEAK = YES;
				CLANG_WARN_BLOCK_CAPTURE_AUTORELEASING = YES;
				CLANG_WARN_BOOL_CONVERSION = YES;
				CLANG_WARN_COMMA = YES;
				CLANG_WARN_CONSTANT_CONVERSION = YES;
				CLANG_WARN_DEPRECATED_OBJC_IMPLEMENTATIONS = YES;
				CLANG_WARN_DIRECT_OBJC_ISA_USAGE = YES_ERROR;
				CLANG_WARN_DOCUMENTATION_COMMENTS = YES;
				CLANG_WARN_EMPTY_BODY = YES;
				CLANG_WARN_ENUM_CONVERSION = YES;
				CLANG_WARN_INFINITE_RECURSION = YES;
				CLANG_WARN_INT_CONVERSION = YES;
				CLANG_WARN_NON_LITERAL_NULL_CONVERSION = YES;
				CLANG_WARN_OBJC_IMPLICIT_RETAIN_SELF = YES;
				CLANG_WARN_OBJC_LITERAL_CONVERSION = YES;
				CLANG_WARN_OBJC_ROOT_CLASS = YES_ERROR;
				CLANG_WARN_QUOTED_INCLUDE_IN_FRAMEWORK_HEADER = YES;
				CLANG_WARN_RANGE_LOOP_ANALYSIS = YES;
				CLANG_WARN_STRICT_PROTOTYPES = YES;
				CLANG_WARN_SUSPICIOUS_MOVE = YES;
				CLANG_WARN_UNGUARDED_AVAILABILITY = YES_AGGRESSIVE;
				CLANG_WARN_UNREACHABLE_CODE = YES;
				CLANG_WARN__DUPLICATE_METHOD_MATCH = YES;
				COPY_PHASE_STRIP = NO;
				DEBUG_INFORMATION_FORMAT = "dwarf-with-dsym";
				ENABLE_NS_ASSERTIONS = NO;
				ENABLE_STRICT_OBJC_MSGSEND = YES;
				GCC_C_LANGUAGE_STANDARD = gnu11;
				GCC_NO_COMMON_BLOCKS = YES;
				GCC_WARN_64_TO_32_BIT_CONVERSION = YES;
				GCC_WARN_ABOUT_RETURN_TYPE = YES_ERROR;
				GCC_WARN_UNDECLARED_SELECTOR = YES;
				GCC_WARN_UNINITIALIZED_AUTOS = YES_AGGRESSIVE;
				GCC_WARN_UNUSED_FUNCTION = YES;
				GCC_WARN_UNUSED_VARIABLE = YES;
				IPHONEOS_DEPLOYMENT_TARGET = 14.2;
				MTL_ENABLE_DEBUG_INFO = NO;
				MTL_FAST_MATH = YES;
				SDKROOT = iphoneos;
				SWIFT_COMPILATION_MODE = wholemodule;
				SWIFT_OPTIMIZATION_LEVEL = "-O";
				VALIDATE_PRODUCT = YES;
			};
			name = Release;
		};
		70E2FEDF257FBE0F006E8349 /* Debug */ = {
			isa = XCBuildConfiguration;
			baseConfigurationReference = CFC429B31A156E2DB15E73D9 /* Pods-Prospera.debug.xcconfig */;
			buildSettings = {
				ASSETCATALOG_COMPILER_APPICON_NAME = AppIcon;
				ASSETCATALOG_COMPILER_GLOBAL_ACCENT_COLOR_NAME = AccentColor;
				CODE_SIGN_STYLE = Automatic;
				DEVELOPMENT_TEAM = 4CRCLH9JW9;
				INFOPLIST_FILE = Prospera/Info.plist;
				LD_RUNPATH_SEARCH_PATHS = (
					"$(inherited)",
					"@executable_path/Frameworks",
				);
				PRODUCT_BUNDLE_IDENTIFIER = com.assaftayouri.Prospera;
				PRODUCT_NAME = "$(TARGET_NAME)";
				SWIFT_VERSION = 5.0;
				TARGETED_DEVICE_FAMILY = 1;
			};
			name = Debug;
		};
		70E2FEE0257FBE0F006E8349 /* Release */ = {
			isa = XCBuildConfiguration;
			baseConfigurationReference = 3BFD77DA05876913715918A0 /* Pods-Prospera.release.xcconfig */;
			buildSettings = {
				ASSETCATALOG_COMPILER_APPICON_NAME = AppIcon;
				ASSETCATALOG_COMPILER_GLOBAL_ACCENT_COLOR_NAME = AccentColor;
				CODE_SIGN_STYLE = Automatic;
				DEVELOPMENT_TEAM = 4CRCLH9JW9;
				INFOPLIST_FILE = Prospera/Info.plist;
				LD_RUNPATH_SEARCH_PATHS = (
					"$(inherited)",
					"@executable_path/Frameworks",
				);
				PRODUCT_BUNDLE_IDENTIFIER = com.assaftayouri.Prospera;
				PRODUCT_NAME = "$(TARGET_NAME)";
				SWIFT_VERSION = 5.0;
				TARGETED_DEVICE_FAMILY = 1;
			};
			name = Release;
		};
/* End XCBuildConfiguration section */

/* Begin XCConfigurationList section */
		70E2FEC5257FBE0E006E8349 /* Build configuration list for PBXProject "Prospera" */ = {
			isa = XCConfigurationList;
			buildConfigurations = (
				70E2FEDC257FBE0F006E8349 /* Debug */,
				70E2FEDD257FBE0F006E8349 /* Release */,
			);
			defaultConfigurationIsVisible = 0;
			defaultConfigurationName = Release;
		};
		70E2FEDE257FBE0F006E8349 /* Build configuration list for PBXNativeTarget "Prospera" */ = {
			isa = XCConfigurationList;
			buildConfigurations = (
				70E2FEDF257FBE0F006E8349 /* Debug */,
				70E2FEE0257FBE0F006E8349 /* Release */,
			);
			defaultConfigurationIsVisible = 0;
			defaultConfigurationName = Release;
		};
/* End XCConfigurationList section */
	};
	rootObject = 70E2FEC2257FBE0E006E8349 /* Project object */;
}
